
Microsoft Visual Studio Solution File, Format Version 12.00
# Visual Studio Version 17
VisualStudioVersion = 17.8.34408.163
MinimumVisualStudioVersion = 10.0.40219.1
Project("{FAE04EC0-301F-11D3-BF4B-00C04F79EFBC}") = "WebApplication", "WebApplication\WebApplication.csproj", "{8BBEEA48-D642-4A3E-B98A-19B572B664A3}"
EndProject
Project("{FAE04EC0-301F-11D3-BF4B-00C04F79EFBC}") = "Commom", "Commom\Commom.csproj", "{962E489A-C6BD-400E-B35F-DF684C6CCC90}"
EndProject
Global
	GlobalSection(SolutionConfigurationPlatforms) = preSolution
		Debug|Any CPU = Debug|Any CPU
		Release|Any CPU = Release|Any CPU
	EndGlobalSection
	GlobalSection(ProjectConfigurationPlatforms) = postSolution
		{8BBEEA48-D642-4A3E-B98A-19B572B664A3}.Debug|Any CPU.ActiveCfg = Debug|Any CPU
		{8BBEEA48-D642-4A3E-B98A-19B572B664A3}.Debug|Any CPU.Build.0 = Debug|Any CPU
		{8BBEEA48-D642-4A3E-B98A-19B572B664A3}.Release|Any CPU.ActiveCfg = Release|Any CPU
		{8BBEEA48-D642-4A3E-B98A-19B572B664A3}.Release|Any CPU.Build.0 = Release|Any CPU
		{962E489A-C6BD-400E-B35F-DF684C6CCC90}.Debug|Any CPU.ActiveCfg = Debug|Any CPU
		{962E489A-C6BD-400E-B35F-DF684C6CCC90}.Debug|Any CPU.Build.0 = Debug|Any CPU
		{962E489A-C6BD-400E-B35F-DF684C6CCC90}.Release|Any CPU.ActiveCfg = Release|Any CPU
		{962E489A-C6BD-400E-B35F-DF684C6CCC90}.Release|Any CPU.Build.0 = Release|Any CPU
	EndGlobalSection
	GlobalSection(SolutionProperties) = preSolution
		HideSolutionNode = FALSE
	EndGlobalSection
	GlobalSection(ExtensibilityGlobals) = postSolution
		SolutionGuid = {41A840CE-50C6-481E-A48F-E40E4BB90217}
	EndGlobalSection
EndGlobal
