
Microsoft Visual Studio Solution File, Format Version 12.00
# Visual Studio Version 17
VisualStudioVersion = 17.7.34031.279
MinimumVisualStudioVersion = 10.0.40219.1
Project("{FAE04EC0-301F-11D3-BF4B-00C04F79EFBC}") = "BuildApp.Net", "BuildApp.Net.csproj", "{3F25B418-1931-497E-AFD1-6673FA15330D}"
EndProject
Project("{FAE04EC0-301F-11D3-BF4B-00C04F79EFBC}") = "Common", "..\Common\Common.csproj", "{8BA259AF-D31C-4671-BEBB-736CC445C47C}"
EndProject
Global
	GlobalSection(SolutionConfigurationPlatforms) = preSolution
		Debug|Any CPU = Debug|Any CPU
		Release|Any CPU = Release|Any CPU
	EndGlobalSection
	GlobalSection(ProjectConfigurationPlatforms) = postSolution
		{3F25B418-1931-497E-AFD1-6673FA15330D}.Debug|Any CPU.ActiveCfg = Debug|Any CPU
		{3F25B418-1931-497E-AFD1-6673FA15330D}.Debug|Any CPU.Build.0 = Debug|Any CPU
		{3F25B418-1931-497E-AFD1-6673FA15330D}.Release|Any CPU.ActiveCfg = Release|Any CPU
		{3F25B418-1931-497E-AFD1-6673FA15330D}.Release|Any CPU.Build.0 = Release|Any CPU
		{8BA259AF-D31C-4671-BEBB-736CC445C47C}.Debug|Any CPU.ActiveCfg = Debug|Any CPU
		{8BA259AF-D31C-4671-BEBB-736CC445C47C}.Debug|Any CPU.Build.0 = Debug|Any CPU
		{8BA259AF-D31C-4671-BEBB-736CC445C47C}.Release|Any CPU.ActiveCfg = Release|Any CPU
		{8BA259AF-D31C-4671-BEBB-736CC445C47C}.Release|Any CPU.Build.0 = Release|Any CPU
	EndGlobalSection
	GlobalSection(SolutionProperties) = preSolution
		HideSolutionNode = FALSE
	EndGlobalSection
	GlobalSection(ExtensibilityGlobals) = postSolution
		SolutionGuid = {F1DFC31B-1E9C-4BB1-9FDD-6EF091148B7C}
	EndGlobalSection
EndGlobal
